
Microsoft Visual Studio Solution File, Format Version 12.00
# Visual Studio Version 17
VisualStudioVersion = 17.11.35327.3
MinimumVisualStudioVersion = 10.0.40219.1
Project("{FAE04EC0-301F-11D3-BF4B-00C04F79EFBC}") = "WinFormsApp4-2", "WinFormsApp4-2\WinFormsApp4-2.csproj", "{A5EBFD60-2D60-4020-B20C-DE9CD7EF1D89}"
EndProject
Global
	GlobalSection(SolutionConfigurationPlatforms) = preSolution
		Debug|Any CPU = Debug|Any CPU
		Release|Any CPU = Release|Any CPU
	EndGlobalSection
	GlobalSection(ProjectConfigurationPlatforms) = postSolution
		{A5EBFD60-2D60-4020-B20C-DE9CD7EF1D89}.Debug|Any CPU.ActiveCfg = Debug|Any CPU
		{A5EBFD60-2D60-4020-B20C-DE9CD7EF1D89}.Debug|Any CPU.Build.0 = Debug|Any CPU
		{A5EBFD60-2D60-4020-B20C-DE9CD7EF1D89}.Release|Any CPU.ActiveCfg = Release|Any CPU
		{A5EBFD60-2D60-4020-B20C-DE9CD7EF1D89}.Release|Any CPU.Build.0 = Release|Any CPU
	EndGlobalSection
	GlobalSection(SolutionProperties) = preSolution
		HideSolutionNode = FALSE
	EndGlobalSection
	GlobalSection(ExtensibilityGlobals) = postSolution
		SolutionGuid = {BB0F94F3-9A22-4388-94A5-488A8818700E}
	EndGlobalSection
EndGlobal
